<Solution>
  <Folder Name="/src/">
    <Project Path="src/RateLimiter.Api/RateLimiter.Api.csproj" />
    <Project Path="src/RateLimiter.Application/RateLimiter.Application.csproj" />
    <Project Path="src/RateLimiter.Domain/RateLimiter.Domain.csproj" />
    <Project Path="src/RateLimiter.Infrastructure/RateLimiter.Infrastructure.csproj" />
  </Folder>
  <Folder Name="/tests/">
    <Project Path="tests/RateLimiter.Tests.Unit/RateLimiter.Tests.Unit.csproj" />
  </Folder>
</Solution>
